// !$*UTF8*$!
{
	archiveVersion = 1;
	classes = {
	};
	objectVersion = 50;
	objects = {

/* Begin PBXBuildFile section */
		5F88031A25AB9AB800BB398F /* AppDelegate.swift in Sources */ = {isa = PBXBuildFile; fileRef = 5F88031925AB9AB800BB398F /* AppDelegate.swift */; };
		5F88031C25AB9AB800BB398F /* SceneDelegate.swift in Sources */ = {isa = PBXBuildFile; fileRef = 5F88031B25AB9AB800BB398F /* SceneDelegate.swift */; };
		5F88031E25AB9AB800BB398F /* ViewController.swift in Sources */ = {isa = PBXBuildFile; fileRef = 5F88031D25AB9AB800BB398F /* ViewController.swift */; };
		5F88032125AB9AB800BB398F /* Main.storyboard in Resources */ = {isa = PBXBuildFile; fileRef = 5F88031F25AB9AB800BB398F /* Main.storyboard */; };
		5F88032325AB9ABA00BB398F /* Assets.xcassets in Resources */ = {isa = PBXBuildFile; fileRef = 5F88032225AB9ABA00BB398F /* Assets.xcassets */; };
		5F88032625AB9ABA00BB398F /* LaunchScreen.storyboard in Resources */ = {isa = PBXBuildFile; fileRef = 5F88032425AB9ABA00BB398F /* LaunchScreen.storyboard */; };
		5F88033125AB9ABA00BB398F /* NetworkingJSONTests.swift in Sources */ = {isa = PBXBuildFile; fileRef = 5F88033025AB9ABA00BB398F /* NetworkingJSONTests.swift */; };
		5F88033C25AB9ABA00BB398F /* NetworkingJSONUITests.swift in Sources */ = {isa = PBXBuildFile; fileRef = 5F88033B25AB9ABA00BB398F /* NetworkingJSONUITests.swift */; };
		5F88034F25ABB67A00BB398F /* SearchResponse.swift in Sources */ = {isa = PBXBuildFile; fileRef = 5F88034E25ABB67A00BB398F /* SearchResponse.swift */; };
		5F88035725AC307D00BB398F /* NetworkService.swift in Sources */ = {isa = PBXBuildFile; fileRef = 5F88035625AC307D00BB398F /* NetworkService.swift */; };
		5F88036B25AC7C1900BB398F /* NetworkDataFetcher.swift in Sources */ = {isa = PBXBuildFile; fileRef = 5F88036A25AC7C1900BB398F /* NetworkDataFetcher.swift */; };
/* End PBXBuildFile section */

/* Begin PBXContainerItemProxy section */
		5F88032D25AB9ABA00BB398F /* PBXContainerItemProxy */ = {
			isa = PBXContainerItemProxy;
			containerPortal = 5F88030E25AB9AB800BB398F /* Project object */;
			proxyType = 1;
			remoteGlobalIDString = 5F88031525AB9AB800BB398F;
			remoteInfo = NetworkingJSON;
		};
		5F88033825AB9ABA00BB398F /* PBXContainerItemProxy */ = {
			isa = PBXContainerItemProxy;
			containerPortal = 5F88030E25AB9AB800BB398F /* Project object */;
			proxyType = 1;
			remoteGlobalIDString = 5F88031525AB9AB800BB398F;
			remoteInfo = NetworkingJSON;
		};
/* End PBXContainerItemProxy section */

/* Begin PBXFileReference section */
		5F88031625AB9AB800BB398F /* NetworkingJSON.app */ = {isa = PBXFileReference; explicitFileType = wrapper.application; includeInIndex = 0; path = NetworkingJSON.app; sourceTree = BUILT_PRODUCTS_DIR; };
		5F88031925AB9AB800BB398F /* AppDelegate.swift */ = {isa = PBXFileReference; lastKnownFileType = sourcecode.swift; path = AppDelegate.swift; sourceTree = "<group>"; };
		5F88031B25AB9AB800BB398F /* SceneDelegate.swift */ = {isa = PBXFileReference; lastKnownFileType = sourcecode.swift; path = SceneDelegate.swift; sourceTree = "<group>"; };
		5F88031D25AB9AB800BB398F /* ViewController.swift */ = {isa = PBXFileReference; lastKnownFileType = sourcecode.swift; path = ViewController.swift; sourceTree = "<group>"; };
		5F88032025AB9AB800BB398F /* Base */ = {isa = PBXFileReference; lastKnownFileType = file.storyboard; name = Base; path = Base.lproj/Main.storyboard; sourceTree = "<group>"; };
		5F88032225AB9ABA00BB398F /* Assets.xcassets */ = {isa = PBXFileReference; lastKnownFileType = folder.assetcatalog; path = Assets.xcassets; sourceTree = "<group>"; };
		5F88032525AB9ABA00BB398F /* Base */ = {isa = PBXFileReference; lastKnownFileType = file.storyboard; name = Base; path = Base.lproj/LaunchScreen.storyboard; sourceTree = "<group>"; };
		5F88032725AB9ABA00BB398F /* Info.plist */ = {isa = PBXFileReference; lastKnownFileType = text.plist.xml; path = Info.plist; sourceTree = "<group>"; };
		5F88032C25AB9ABA00BB398F /* NetworkingJSONTests.xctest */ = {isa = PBXFileReference; explicitFileType = wrapper.cfbundle; includeInIndex = 0; path = NetworkingJSONTests.xctest; sourceTree = BUILT_PRODUCTS_DIR; };
		5F88033025AB9ABA00BB398F /* NetworkingJSONTests.swift */ = {isa = PBXFileReference; lastKnownFileType = sourcecode.swift; path = NetworkingJSONTests.swift; sourceTree = "<group>"; };
		5F88033225AB9ABA00BB398F /* Info.plist */ = {isa = PBXFileReference; lastKnownFileType = text.plist.xml; path = Info.plist; sourceTree = "<group>"; };
		5F88033725AB9ABA00BB398F /* NetworkingJSONUITests.xctest */ = {isa = PBXFileReference; explicitFileType = wrapper.cfbundle; includeInIndex = 0; path = NetworkingJSONUITests.xctest; sourceTree = BUILT_PRODUCTS_DIR; };
		5F88033B25AB9ABA00BB398F /* NetworkingJSONUITests.swift */ = {isa = PBXFileReference; lastKnownFileType = sourcecode.swift; path = NetworkingJSONUITests.swift; sourceTree = "<group>"; };
		5F88033D25AB9ABA00BB398F /* Info.plist */ = {isa = PBXFileReference; lastKnownFileType = text.plist.xml; path = Info.plist; sourceTree = "<group>"; };
		5F88034E25ABB67A00BB398F /* SearchResponse.swift */ = {isa = PBXFileReference; lastKnownFileType = sourcecode.swift; path = SearchResponse.swift; sourceTree = "<group>"; };
		5F88035625AC307D00BB398F /* NetworkService.swift */ = {isa = PBXFileReference; lastKnownFileType = sourcecode.swift; path = NetworkService.swift; sourceTree = "<group>"; };
		5F88036A25AC7C1900BB398F /* NetworkDataFetcher.swift */ = {isa = PBXFileReference; lastKnownFileType = sourcecode.swift; path = NetworkDataFetcher.swift; sourceTree = "<group>"; };
/* End PBXFileReference section */

/* Begin PBXFrameworksBuildPhase section */
		5F88031325AB9AB800BB398F /* Frameworks */ = {
			isa = PBXFrameworksBuildPhase;
			buildActionMask = 2147483647;
			files = (
			);
			runOnlyForDeploymentPostprocessing = 0;
		};
		5F88032925AB9ABA00BB398F /* Frameworks */ = {
			isa = PBXFrameworksBuildPhase;
			buildActionMask = 2147483647;
			files = (
			);
			runOnlyForDeploymentPostprocessing = 0;
		};
		5F88033425AB9ABA00BB398F /* Frameworks */ = {
			isa = PBXFrameworksBuildPhase;
			buildActionMask = 2147483647;
			files = (
			);
			runOnlyForDeploymentPostprocessing = 0;
		};
/* End PBXFrameworksBuildPhase section */

/* Begin PBXGroup section */
		5F88030D25AB9AB800BB398F = {
			isa = PBXGroup;
			children = (
				5F88031825AB9AB800BB398F /* NetworkingJSON */,
				5F88032F25AB9ABA00BB398F /* NetworkingJSONTests */,
				5F88033A25AB9ABA00BB398F /* NetworkingJSONUITests */,
				5F88031725AB9AB800BB398F /* Products */,
			);
			sourceTree = "<group>";
		};
		5F88031725AB9AB800BB398F /* Products */ = {
			isa = PBXGroup;
			children = (
				5F88031625AB9AB800BB398F /* NetworkingJSON.app */,
				5F88032C25AB9ABA00BB398F /* NetworkingJSONTests.xctest */,
				5F88033725AB9ABA00BB398F /* NetworkingJSONUITests.xctest */,
			);
			name = Products;
			sourceTree = "<group>";
		};
		5F88031825AB9AB800BB398F /* NetworkingJSON */ = {
			isa = PBXGroup;
			children = (
				5F88034D25ABB65900BB398F /* Model */,
				5F88035B25AC320700BB398F /* Networking */,
				5F88031925AB9AB800BB398F /* AppDelegate.swift */,
				5F88031B25AB9AB800BB398F /* SceneDelegate.swift */,
				5F88031D25AB9AB800BB398F /* ViewController.swift */,
				5F88031F25AB9AB800BB398F /* Main.storyboard */,
				5F88032225AB9ABA00BB398F /* Assets.xcassets */,
				5F88032425AB9ABA00BB398F /* LaunchScreen.storyboard */,
				5F88032725AB9ABA00BB398F /* Info.plist */,
			);
			path = NetworkingJSON;
			sourceTree = "<group>";
		};
		5F88032F25AB9ABA00BB398F /* NetworkingJSONTests */ = {
			isa = PBXGroup;
			children = (
				5F88033025AB9ABA00BB398F /* NetworkingJSONTests.swift */,
				5F88033225AB9ABA00BB398F /* Info.plist */,
			);
			path = NetworkingJSONTests;
			sourceTree = "<group>";
		};
		5F88033A25AB9ABA00BB398F /* NetworkingJSONUITests */ = {
			isa = PBXGroup;
			children = (
				5F88033B25AB9ABA00BB398F /* NetworkingJSONUITests.swift */,
				5F88033D25AB9ABA00BB398F /* Info.plist */,
			);
			path = NetworkingJSONUITests;
			sourceTree = "<group>";
		};
		5F88034D25ABB65900BB398F /* Model */ = {
			isa = PBXGroup;
			children = (
				5F88034E25ABB67A00BB398F /* SearchResponse.swift */,
			);
			path = Model;
			sourceTree = "<group>";
		};
		5F88035B25AC320700BB398F /* Networking */ = {
			isa = PBXGroup;
			children = (
				5F88035625AC307D00BB398F /* NetworkService.swift */,
				5F88036A25AC7C1900BB398F /* NetworkDataFetcher.swift */,
			);
			path = Networking;
			sourceTree = "<group>";
		};
/* End PBXGroup section */

/* Begin PBXNativeTarget section */
		5F88031525AB9AB800BB398F /* NetworkingJSON */ = {
			isa = PBXNativeTarget;
			buildConfigurationList = 5F88034025AB9ABA00BB398F /* Build configuration list for PBXNativeTarget "NetworkingJSON" */;
			buildPhases = (
				5F88031225AB9AB800BB398F /* Sources */,
				5F88031325AB9AB800BB398F /* Frameworks */,
				5F88031425AB9AB800BB398F /* Resources */,
			);
			buildRules = (
			);
			dependencies = (
			);
			name = NetworkingJSON;
			productName = NetworkingJSON;
			productReference = 5F88031625AB9AB800BB398F /* NetworkingJSON.app */;
			productType = "com.apple.product-type.application";
		};
		5F88032B25AB9ABA00BB398F /* NetworkingJSONTests */ = {
			isa = PBXNativeTarget;
			buildConfigurationList = 5F88034325AB9ABA00BB398F /* Build configuration list for PBXNativeTarget "NetworkingJSONTests" */;
			buildPhases = (
				5F88032825AB9ABA00BB398F /* Sources */,
				5F88032925AB9ABA00BB398F /* Frameworks */,
				5F88032A25AB9ABA00BB398F /* Resources */,
			);
			buildRules = (
			);
			dependencies = (
				5F88032E25AB9ABA00BB398F /* PBXTargetDependency */,
			);
			name = NetworkingJSONTests;
			productName = NetworkingJSONTests;
			productReference = 5F88032C25AB9ABA00BB398F /* NetworkingJSONTests.xctest */;
			productType = "com.apple.product-type.bundle.unit-test";
		};
		5F88033625AB9ABA00BB398F /* NetworkingJSONUITests */ = {
			isa = PBXNativeTarget;
			buildConfigurationList = 5F88034625AB9ABA00BB398F /* Build configuration list for PBXNativeTarget "NetworkingJSONUITests" */;
			buildPhases = (
				5F88033325AB9ABA00BB398F /* Sources */,
				5F88033425AB9ABA00BB398F /* Frameworks */,
				5F88033525AB9ABA00BB398F /* Resources */,
			);
			buildRules = (
			);
			dependencies = (
				5F88033925AB9ABA00BB398F /* PBXTargetDependency */,
			);
			name = NetworkingJSONUITests;
			productName = NetworkingJSONUITests;
			productReference = 5F88033725AB9ABA00BB398F /* NetworkingJSONUITests.xctest */;
			productType = "com.apple.product-type.bundle.ui-testing";
		};
/* End PBXNativeTarget section */

/* Begin PBXProject section */
		5F88030E25AB9AB800BB398F /* Project object */ = {
			isa = PBXProject;
			attributes = {
				LastSwiftUpdateCheck = 1230;
				LastUpgradeCheck = 1230;
				TargetAttributes = {
					5F88031525AB9AB800BB398F = {
						CreatedOnToolsVersion = 12.3;
					};
					5F88032B25AB9ABA00BB398F = {
						CreatedOnToolsVersion = 12.3;
						TestTargetID = 5F88031525AB9AB800BB398F;
					};
					5F88033625AB9ABA00BB398F = {
						CreatedOnToolsVersion = 12.3;
						TestTargetID = 5F88031525AB9AB800BB398F;
					};
				};
			};
			buildConfigurationList = 5F88031125AB9AB800BB398F /* Build configuration list for PBXProject "NetworkingJSON" */;
			compatibilityVersion = "Xcode 9.3";
			developmentRegion = en;
			hasScannedForEncodings = 0;
			knownRegions = (
				en,
				Base,
			);
			mainGroup = 5F88030D25AB9AB800BB398F;
			productRefGroup = 5F88031725AB9AB800BB398F /* Products */;
			projectDirPath = "";
			projectRoot = "";
			targets = (
				5F88031525AB9AB800BB398F /* NetworkingJSON */,
				5F88032B25AB9ABA00BB398F /* NetworkingJSONTests */,
				5F88033625AB9ABA00BB398F /* NetworkingJSONUITests */,
			);
		};
/* End PBXProject section */

/* Begin PBXResourcesBuildPhase section */
		5F88031425AB9AB800BB398F /* Resources */ = {
			isa = PBXResourcesBuildPhase;
			buildActionMask = 2147483647;
			files = (
				5F88032625AB9ABA00BB398F /* LaunchScreen.storyboard in Resources */,
				5F88032325AB9ABA00BB398F /* Assets.xcassets in Resources */,
				5F88032125AB9AB800BB398F /* Main.storyboard in Resources */,
			);
			runOnlyForDeploymentPostprocessing = 0;
		};
		5F88032A25AB9ABA00BB398F /* Resources */ = {
			isa = PBXResourcesBuildPhase;
			buildActionMask = 2147483647;
			files = (
			);
			runOnlyForDeploymentPostprocessing = 0;
		};
		5F88033525AB9ABA00BB398F /* Resources */ = {
			isa = PBXResourcesBuildPhase;
			buildActionMask = 2147483647;
			files = (
			);
			runOnlyForDeploymentPostprocessing = 0;
		};
/* End PBXResourcesBuildPhase section */

/* Begin PBXSourcesBuildPhase section */
		5F88031225AB9AB800BB398F /* Sources */ = {
			isa = PBXSourcesBuildPhase;
			buildActionMask = 2147483647;
			files = (
				5F88036B25AC7C1900BB398F /* NetworkDataFetcher.swift in Sources */,
				5F88035725AC307D00BB398F /* NetworkService.swift in Sources */,
				5F88034F25ABB67A00BB398F /* SearchResponse.swift in Sources */,
				5F88031E25AB9AB800BB398F /* ViewController.swift in Sources */,
				5F88031A25AB9AB800BB398F /* AppDelegate.swift in Sources */,
				5F88031C25AB9AB800BB398F /* SceneDelegate.swift in Sources */,
			);
			runOnlyForDeploymentPostprocessing = 0;
		};
		5F88032825AB9ABA00BB398F /* Sources */ = {
			isa = PBXSourcesBuildPhase;
			buildActionMask = 2147483647;
			files = (
				5F88033125AB9ABA00BB398F /* NetworkingJSONTests.swift in Sources */,
			);
			runOnlyForDeploymentPostprocessing = 0;
		};
		5F88033325AB9ABA00BB398F /* Sources */ = {
			isa = PBXSourcesBuildPhase;
			buildActionMask = 2147483647;
			files = (
				5F88033C25AB9ABA00BB398F /* NetworkingJSONUITests.swift in Sources */,
			);
			runOnlyForDeploymentPostprocessing = 0;
		};
/* End PBXSourcesBuildPhase section */

/* Begin PBXTargetDependency section */
		5F88032E25AB9ABA00BB398F /* PBXTargetDependency */ = {
			isa = PBXTargetDependency;
			target = 5F88031525AB9AB800BB398F /* NetworkingJSON */;
			targetProxy = 5F88032D25AB9ABA00BB398F /* PBXContainerItemProxy */;
		};
		5F88033925AB9ABA00BB398F /* PBXTargetDependency */ = {
			isa = PBXTargetDependency;
			target = 5F88031525AB9AB800BB398F /* NetworkingJSON */;
			targetProxy = 5F88033825AB9ABA00BB398F /* PBXContainerItemProxy */;
		};
/* End PBXTargetDependency section */

/* Begin PBXVariantGroup section */
		5F88031F25AB9AB800BB398F /* Main.storyboard */ = {
			isa = PBXVariantGroup;
			children = (
				5F88032025AB9AB800BB398F /* Base */,
			);
			name = Main.storyboard;
			sourceTree = "<group>";
		};
		5F88032425AB9ABA00BB398F /* LaunchScreen.storyboard */ = {
			isa = PBXVariantGroup;
			children = (
				5F88032525AB9ABA00BB398F /* Base */,
			);
			name = LaunchScreen.storyboard;
			sourceTree = "<group>";
		};
/* End PBXVariantGroup section */

/* Begin XCBuildConfiguration section */
		5F88033E25AB9ABA00BB398F /* Debug */ = {
			isa = XCBuildConfiguration;
			buildSettings = {
				ALWAYS_SEARCH_USER_PATHS = NO;
				CLANG_ANALYZER_NONNULL = YES;
				CLANG_ANALYZER_NUMBER_OBJECT_CONVERSION = YES_AGGRESSIVE;
				CLANG_CXX_LANGUAGE_STANDARD = "gnu++14";
				CLANG_CXX_LIBRARY = "libc++";
				CLANG_ENABLE_MODULES = YES;
				CLANG_ENABLE_OBJC_ARC = YES;
				CLANG_ENABLE_OBJC_WEAK = YES;
				CLANG_WARN_BLOCK_CAPTURE_AUTORELEASING = YES;
				CLANG_WARN_BOOL_CONVERSION = YES;
				CLANG_WARN_COMMA = YES;
				CLANG_WARN_CONSTANT_CONVERSION = YES;
				CLANG_WARN_DEPRECATED_OBJC_IMPLEMENTATIONS = YES;
				CLANG_WARN_DIRECT_OBJC_ISA_USAGE = YES_ERROR;
				CLANG_WARN_DOCUMENTATION_COMMENTS = YES;
				CLANG_WARN_EMPTY_BODY = YES;
				CLANG_WARN_ENUM_CONVERSION = YES;
				CLANG_WARN_INFINITE_RECURSION = YES;
				CLANG_WARN_INT_CONVERSION = YES;
				CLANG_WARN_NON_LITERAL_NULL_CONVERSION = YES;
				CLANG_WARN_OBJC_IMPLICIT_RETAIN_SELF = YES;
				CLANG_WARN_OBJC_LITERAL_CONVERSION = YES;
				CLANG_WARN_OBJC_ROOT_CLASS = YES_ERROR;
				CLANG_WARN_QUOTED_INCLUDE_IN_FRAMEWORK_HEADER = YES;
				CLANG_WARN_RANGE_LOOP_ANALYSIS = YES;
				CLANG_WARN_STRICT_PROTOTYPES = YES;
				CLANG_WARN_SUSPICIOUS_MOVE = YES;
				CLANG_WARN_UNGUARDED_AVAILABILITY = YES_AGGRESSIVE;
				CLANG_WARN_UNREACHABLE_CODE = YES;
				CLANG_WARN__DUPLICATE_METHOD_MATCH = YES;
				COPY_PHASE_STRIP = NO;
				DEBUG_INFORMATION_FORMAT = dwarf;
				ENABLE_STRICT_OBJC_MSGSEND = YES;
				ENABLE_TESTABILITY = YES;
				GCC_C_LANGUAGE_STANDARD = gnu11;
				GCC_DYNAMIC_NO_PIC = NO;
				GCC_NO_COMMON_BLOCKS = YES;
				GCC_OPTIMIZATION_LEVEL = 0;
				GCC_PREPROCESSOR_DEFINITIONS = (
					"DEBUG=1",
					"$(inherited)",
				);
				GCC_WARN_64_TO_32_BIT_CONVERSION = YES;
				GCC_WARN_ABOUT_RETURN_TYPE = YES_ERROR;
				GCC_WARN_UNDECLARED_SELECTOR = YES;
				GCC_WARN_UNINITIALIZED_AUTOS = YES_AGGRESSIVE;
				GCC_WARN_UNUSED_FUNCTION = YES;
				GCC_WARN_UNUSED_VARIABLE = YES;
				IPHONEOS_DEPLOYMENT_TARGET = 14.3;
				MTL_ENABLE_DEBUG_INFO = INCLUDE_SOURCE;
				MTL_FAST_MATH = YES;
				ONLY_ACTIVE_ARCH = YES;
				SDKROOT = iphoneos;
				SWIFT_ACTIVE_COMPILATION_CONDITIONS = DEBUG;
				SWIFT_OPTIMIZATION_LEVEL = "-Onone";
			};
			name = Debug;
		};
		5F88033F25AB9ABA00BB398F /* Release */ = {
			isa = XCBuildConfiguration;
			buildSettings = {
				ALWAYS_SEARCH_USER_PATHS = NO;
				CLANG_ANALYZER_NONNULL = YES;
				CLANG_ANALYZER_NUMBER_OBJECT_CONVERSION = YES_AGGRESSIVE;
				CLANG_CXX_LANGUAGE_STANDARD = "gnu++14";
				CLANG_CXX_LIBRARY = "libc++";
				CLANG_ENABLE_MODULES = YES;
				CLANG_ENABLE_OBJC_ARC = YES;
				CLANG_ENABLE_OBJC_WEAK = YES;
				CLANG_WARN_BLOCK_CAPTURE_AUTORELEASING = YES;
				CLANG_WARN_BOOL_CONVERSION = YES;
				CLANG_WARN_COMMA = YES;
				CLANG_WARN_CONSTANT_CONVERSION = YES;
				CLANG_WARN_DEPRECATED_OBJC_IMPLEMENTATIONS = YES;
				CLANG_WARN_DIRECT_OBJC_ISA_USAGE = YES_ERROR;
				CLANG_WARN_DOCUMENTATION_COMMENTS = YES;
				CLANG_WARN_EMPTY_BODY = YES;
				CLANG_WARN_ENUM_CONVERSION = YES;
				CLANG_WARN_INFINITE_RECURSION = YES;
				CLANG_WARN_INT_CONVERSION = YES;
				CLANG_WARN_NON_LITERAL_NULL_CONVERSION = YES;
				CLANG_WARN_OBJC_IMPLICIT_RETAIN_SELF = YES;
				CLANG_WARN_OBJC_LITERAL_CONVERSION = YES;
				CLANG_WARN_OBJC_ROOT_CLASS = YES_ERROR;
				CLANG_WARN_QUOTED_INCLUDE_IN_FRAMEWORK_HEADER = YES;
				CLANG_WARN_RANGE_LOOP_ANALYSIS = YES;
				CLANG_WARN_STRICT_PROTOTYPES = YES;
				CLANG_WARN_SUSPICIOUS_MOVE = YES;
				CLANG_WARN_UNGUARDED_AVAILABILITY = YES_AGGRESSIVE;
				CLANG_WARN_UNREACHABLE_CODE = YES;
				CLANG_WARN__DUPLICATE_METHOD_MATCH = YES;
				COPY_PHASE_STRIP = NO;
				DEBUG_INFORMATION_FORMAT = "dwarf-with-dsym";
				ENABLE_NS_ASSERTIONS = NO;
				ENABLE_STRICT_OBJC_MSGSEND = YES;
				GCC_C_LANGUAGE_STANDARD = gnu11;
				GCC_NO_COMMON_BLOCKS = YES;
				GCC_WARN_64_TO_32_BIT_CONVERSION = YES;
				GCC_WARN_ABOUT_RETURN_TYPE = YES_ERROR;
				GCC_WARN_UNDECLARED_SELECTOR = YES;
				GCC_WARN_UNINITIALIZED_AUTOS = YES_AGGRESSIVE;
				GCC_WARN_UNUSED_FUNCTION = YES;
				GCC_WARN_UNUSED_VARIABLE = YES;
				IPHONEOS_DEPLOYMENT_TARGET = 14.3;
				MTL_ENABLE_DEBUG_INFO = NO;
				MTL_FAST_MATH = YES;
				SDKROOT = iphoneos;
				SWIFT_COMPILATION_MODE = wholemodule;
				SWIFT_OPTIMIZATION_LEVEL = "-O";
				VALIDATE_PRODUCT = YES;
			};
			name = Release;
		};
		5F88034125AB9ABA00BB398F /* Debug */ = {
			isa = XCBuildConfiguration;
			buildSettings = {
				ASSETCATALOG_COMPILER_APPICON_NAME = AppIcon;
				ASSETCATALOG_COMPILER_GLOBAL_ACCENT_COLOR_NAME = AccentColor;
				CODE_SIGN_STYLE = Automatic;
				DEVELOPMENT_TEAM = S59QPDRRH7;
				INFOPLIST_FILE = NetworkingJSON/Info.plist;
				LD_RUNPATH_SEARCH_PATHS = (
					"$(inherited)",
					"@executable_path/Frameworks",
				);
				PRODUCT_BUNDLE_IDENTIFIER = danieldyachok.NetworkingJSON;
				PRODUCT_NAME = "$(TARGET_NAME)";
				SWIFT_VERSION = 5.0;
				TARGETED_DEVICE_FAMILY = "1,2";
			};
			name = Debug;
		};
		5F88034225AB9ABA00BB398F /* Release */ = {
			isa = XCBuildConfiguration;
			buildSettings = {
				ASSETCATALOG_COMPILER_APPICON_NAME = AppIcon;
				ASSETCATALOG_COMPILER_GLOBAL_ACCENT_COLOR_NAME = AccentColor;
				CODE_SIGN_STYLE = Automatic;
				DEVELOPMENT_TEAM = S59QPDRRH7;
				INFOPLIST_FILE = NetworkingJSON/Info.plist;
				LD_RUNPATH_SEARCH_PATHS = (
					"$(inherited)",
					"@executable_path/Frameworks",
				);
				PRODUCT_BUNDLE_IDENTIFIER = danieldyachok.NetworkingJSON;
				PRODUCT_NAME = "$(TARGET_NAME)";
				SWIFT_VERSION = 5.0;
				TARGETED_DEVICE_FAMILY = "1,2";
			};
			name = Release;
		};
		5F88034425AB9ABA00BB398F /* Debug */ = {
			isa = XCBuildConfiguration;
			buildSettings = {
				ALWAYS_EMBED_SWIFT_STANDARD_LIBRARIES = YES;
				BUNDLE_LOADER = "$(TEST_HOST)";
				CODE_SIGN_STYLE = Automatic;
				DEVELOPMENT_TEAM = S59QPDRRH7;
				INFOPLIST_FILE = NetworkingJSONTests/Info.plist;
				IPHONEOS_DEPLOYMENT_TARGET = 14.3;
				LD_RUNPATH_SEARCH_PATHS = (
					"$(inherited)",
					"@executable_path/Frameworks",
					"@loader_path/Frameworks",
				);
				PRODUCT_BUNDLE_IDENTIFIER = danieldyachok.NetworkingJSONTests;
				PRODUCT_NAME = "$(TARGET_NAME)";
				SWIFT_VERSION = 5.0;
				TARGETED_DEVICE_FAMILY = "1,2";
				TEST_HOST = "$(BUILT_PRODUCTS_DIR)/NetworkingJSON.app/NetworkingJSON";
			};
			name = Debug;
		};
		5F88034525AB9ABA00BB398F /* Release */ = {
			isa = XCBuildConfiguration;
			buildSettings = {
				ALWAYS_EMBED_SWIFT_STANDARD_LIBRARIES = YES;
				BUNDLE_LOADER = "$(TEST_HOST)";
				CODE_SIGN_STYLE = Automatic;
				DEVELOPMENT_TEAM = S59QPDRRH7;
				INFOPLIST_FILE = NetworkingJSONTests/Info.plist;
				IPHONEOS_DEPLOYMENT_TARGET = 14.3;
				LD_RUNPATH_SEARCH_PATHS = (
					"$(inherited)",
					"@executable_path/Frameworks",
					"@loader_path/Frameworks",
				);
				PRODUCT_BUNDLE_IDENTIFIER = danieldyachok.NetworkingJSONTests;
				PRODUCT_NAME = "$(TARGET_NAME)";
				SWIFT_VERSION = 5.0;
				TARGETED_DEVICE_FAMILY = "1,2";
				TEST_HOST = "$(BUILT_PRODUCTS_DIR)/NetworkingJSON.app/NetworkingJSON";
			};
			name = Release;
		};
		5F88034725AB9ABA00BB398F /* Debug */ = {
			isa = XCBuildConfiguration;
			buildSettings = {
				ALWAYS_EMBED_SWIFT_STANDARD_LIBRARIES = YES;
				CODE_SIGN_STYLE = Automatic;
				DEVELOPMENT_TEAM = S59QPDRRH7;
				INFOPLIST_FILE = NetworkingJSONUITests/Info.plist;
				LD_RUNPATH_SEARCH_PATHS = (
					"$(inherited)",
					"@executable_path/Frameworks",
					"@loader_path/Frameworks",
				);
				PRODUCT_BUNDLE_IDENTIFIER = danieldyachok.NetworkingJSONUITests;
				PRODUCT_NAME = "$(TARGET_NAME)";
				SWIFT_VERSION = 5.0;
				TARGETED_DEVICE_FAMILY = "1,2";
				TEST_TARGET_NAME = NetworkingJSON;
			};
			name = Debug;
		};
		5F88034825AB9ABA00BB398F /* Release */ = {
			isa = XCBuildConfiguration;
			buildSettings = {
				ALWAYS_EMBED_SWIFT_STANDARD_LIBRARIES = YES;
				CODE_SIGN_STYLE = Automatic;
				DEVELOPMENT_TEAM = S59QPDRRH7;
				INFOPLIST_FILE = NetworkingJSONUITests/Info.plist;
				LD_RUNPATH_SEARCH_PATHS = (
					"$(inherited)",
					"@executable_path/Frameworks",
					"@loader_path/Frameworks",
				);
				PRODUCT_BUNDLE_IDENTIFIER = danieldyachok.NetworkingJSONUITests;
				PRODUCT_NAME = "$(TARGET_NAME)";
				SWIFT_VERSION = 5.0;
				TARGETED_DEVICE_FAMILY = "1,2";
				TEST_TARGET_NAME = NetworkingJSON;
			};
			name = Release;
		};
/* End XCBuildConfiguration section */

/* Begin XCConfigurationList section */
		5F88031125AB9AB800BB398F /* Build configuration list for PBXProject "NetworkingJSON" */ = {
			isa = XCConfigurationList;
			buildConfigurations = (
				5F88033E25AB9ABA00BB398F /* Debug */,
				5F88033F25AB9ABA00BB398F /* Release */,
			);
			defaultConfigurationIsVisible = 0;
			defaultConfigurationName = Release;
		};
		5F88034025AB9ABA00BB398F /* Build configuration list for PBXNativeTarget "NetworkingJSON" */ = {
			isa = XCConfigurationList;
			buildConfigurations = (
				5F88034125AB9ABA00BB398F /* Debug */,
				5F88034225AB9ABA00BB398F /* Release */,
			);
			defaultConfigurationIsVisible = 0;
			defaultConfigurationName = Release;
		};
		5F88034325AB9ABA00BB398F /* Build configuration list for PBXNativeTarget "NetworkingJSONTests" */ = {
			isa = XCConfigurationList;
			buildConfigurations = (
				5F88034425AB9ABA00BB398F /* Debug */,
				5F88034525AB9ABA00BB398F /* Release */,
			);
			defaultConfigurationIsVisible = 0;
			defaultConfigurationName = Release;
		};
		5F88034625AB9ABA00BB398F /* Build configuration list for PBXNativeTarget "NetworkingJSONUITests" */ = {
			isa = XCConfigurationList;
			buildConfigurations = (
				5F88034725AB9ABA00BB398F /* Debug */,
				5F88034825AB9ABA00BB398F /* Release */,
			);
			defaultConfigurationIsVisible = 0;
			defaultConfigurationName = Release;
		};
/* End XCConfigurationList section */
	};
	rootObject = 5F88030E25AB9AB800BB398F /* Project object */;
}
